dependencies:
- name: postgresql
  repository: https://charts.bitnami.com/bitnami
  version: 16.1.0
- name: portainer
  repository: https://portainer.github.io/k8s/
  version: 1.0.58
- name: kube-prometheus-stack
  repository: https://prometheus-community.github.io/helm-charts
  version: 67.5.0
- name: metrics-server
  repository: https://kubernetes-sigs.github.io/metrics-server/
  version: 3.12.1
digest: sha256:f4d7879776d4663fa809c8dc662803358d91ae4e15de21ee8c8426d1d67c3a0f
generated: "2025-02-07T21:06:58.8910768+02:00"
