dependencies:
- name: postgresql
  repository: https://charts.bitnami.com/bitnami
  version: 16.1.0
- name: portainer
  repository: https://portainer.github.io/k8s/
  version: 1.0.58
- name: kube-prometheus-stack
  repository: https://prometheus-community.github.io/helm-charts
  version: 67.5.0
digest: sha256:cee0896437f7b0fbf91f5bcb106f5ca84c8db3cdb43c0a6deb5faf1a578e3b65
generated: "2024-12-30T09:46:43.8004728+02:00"
